<Solution>
  <Folder Name="/src/">
    <Project Path="src/VendorCompliance.Application/VendorCompliance.Application.csproj" />
    <Project Path="src/VendorCompliance.Domain/VendorCompliance.Domain.csproj" />
    <Project Path="src/VendorCompliance.Prototype/VendorCompliance.Prototype.csproj" />
  </Folder>
  <Folder Name="/tests/" />
</Solution>
